
Microsoft Visual Studio Solution File, Format Version 12.00
# Visual Studio 15
VisualStudioVersion = 15.0.27703.2000
MinimumVisualStudioVersion = 10.0.40219.1
Project("{FAE04EC0-301F-11D3-BF4B-00C04F79EFBC}") = "TelemetryViewer.Server", "TelemetryViewer.Server\TelemetryViewer.Server.csproj", "{81127050-C249-4A5D-99AA-C7FC37D71CCE}"
EndProject
Global
	GlobalSection(SolutionConfigurationPlatforms) = preSolution
		Debug|Any CPU = Debug|Any CPU
		Release|Any CPU = Release|Any CPU
	EndGlobalSection
	GlobalSection(ProjectConfigurationPlatforms) = postSolution
		{81127050-C249-4A5D-99AA-C7FC37D71CCE}.Debug|Any CPU.ActiveCfg = Debug|Any CPU
		{81127050-C249-4A5D-99AA-C7FC37D71CCE}.Debug|Any CPU.Build.0 = Debug|Any CPU
		{81127050-C249-4A5D-99AA-C7FC37D71CCE}.Release|Any CPU.ActiveCfg = Release|Any CPU
		{81127050-C249-4A5D-99AA-C7FC37D71CCE}.Release|Any CPU.Build.0 = Release|Any CPU
	EndGlobalSection
	GlobalSection(SolutionProperties) = preSolution
		HideSolutionNode = FALSE
	EndGlobalSection
	GlobalSection(ExtensibilityGlobals) = postSolution
		SolutionGuid = {2CA7BAC6-EDDA-47D2-8F41-9D930CB96AAF}
	EndGlobalSection
EndGlobal
